
Microsoft Visual Studio Solution File, Format Version 12.00
# Visual Studio Version 17
VisualStudioVersion = 17.8.34525.116
MinimumVisualStudioVersion = 10.0.40219.1
Project("{9A19103F-16F7-4668-BE54-9A1E7A4F7556}") = "CleanArchitecture.Data", "CleanArchitecture.Data\CleanArchitecture.Data.csproj", "{836FAAC5-F038-4E17-8907-C53FAAA13519}"
EndProject
Project("{9A19103F-16F7-4668-BE54-9A1E7A4F7556}") = "CleanArchitecture.Domain", "CleanArchitecture.Domain\CleanArchitecture.Domain.csproj", "{7B4173B5-2F04-4469-A984-4842A65170D3}"
EndProject
Project("{9A19103F-16F7-4668-BE54-9A1E7A4F7556}") = "CleanArchitecture.API", "CleanArchitecture.API\CleanArchitecture.API.csproj", "{144102F4-B5FB-480D-89F0-DE7205E6E7A4}"
EndProject
Project("{FAE04EC0-301F-11D3-BF4B-00C04F79EFBC}") = "CleanArchitecture.ConsoleApp", "CleanArchitecture.ConsoleApp\CleanArchitecture.ConsoleApp.csproj", "{880B54DD-5BF9-4FB0-A74C-30E7A706A9A2}"
EndProject
Global
	GlobalSection(SolutionConfigurationPlatforms) = preSolution
		Debug|Any CPU = Debug|Any CPU
		Release|Any CPU = Release|Any CPU
	EndGlobalSection
	GlobalSection(ProjectConfigurationPlatforms) = postSolution
		{836FAAC5-F038-4E17-8907-C53FAAA13519}.Debug|Any CPU.ActiveCfg = Debug|Any CPU
		{836FAAC5-F038-4E17-8907-C53FAAA13519}.Debug|Any CPU.Build.0 = Debug|Any CPU
		{836FAAC5-F038-4E17-8907-C53FAAA13519}.Release|Any CPU.ActiveCfg = Release|Any CPU
		{836FAAC5-F038-4E17-8907-C53FAAA13519}.Release|Any CPU.Build.0 = Release|Any CPU
		{7B4173B5-2F04-4469-A984-4842A65170D3}.Debug|Any CPU.ActiveCfg = Debug|Any CPU
		{7B4173B5-2F04-4469-A984-4842A65170D3}.Debug|Any CPU.Build.0 = Debug|Any CPU
		{7B4173B5-2F04-4469-A984-4842A65170D3}.Release|Any CPU.ActiveCfg = Release|Any CPU
		{7B4173B5-2F04-4469-A984-4842A65170D3}.Release|Any CPU.Build.0 = Release|Any CPU
		{144102F4-B5FB-480D-89F0-DE7205E6E7A4}.Debug|Any CPU.ActiveCfg = Debug|Any CPU
		{144102F4-B5FB-480D-89F0-DE7205E6E7A4}.Debug|Any CPU.Build.0 = Debug|Any CPU
		{144102F4-B5FB-480D-89F0-DE7205E6E7A4}.Release|Any CPU.ActiveCfg = Release|Any CPU
		{144102F4-B5FB-480D-89F0-DE7205E6E7A4}.Release|Any CPU.Build.0 = Release|Any CPU
		{880B54DD-5BF9-4FB0-A74C-30E7A706A9A2}.Debug|Any CPU.ActiveCfg = Debug|Any CPU
		{880B54DD-5BF9-4FB0-A74C-30E7A706A9A2}.Debug|Any CPU.Build.0 = Debug|Any CPU
		{880B54DD-5BF9-4FB0-A74C-30E7A706A9A2}.Release|Any CPU.ActiveCfg = Release|Any CPU
		{880B54DD-5BF9-4FB0-A74C-30E7A706A9A2}.Release|Any CPU.Build.0 = Release|Any CPU
	EndGlobalSection
	GlobalSection(SolutionProperties) = preSolution
		HideSolutionNode = FALSE
	EndGlobalSection
	GlobalSection(ExtensibilityGlobals) = postSolution
		SolutionGuid = {C709C237-6F19-4984-BE46-08AAA9DDA9A9}
	EndGlobalSection
EndGlobal
